// !$*UTF8*$!
{
	archiveVersion = 1;
	classes = {
	};
	objectVersion = 46;
	objects = {

/* Begin PBXBuildFile section */
		A20DDEB91ADCAAE40041DA4D /* MainVC.m in Sources */ = {isa = PBXBuildFile; fileRef = A20DDEB81ADCAAE40041DA4D /* MainVC.m */; };
		AC53E9D51ADC9C0A0036FD32 /* AppDelegate.m in Sources */ = {isa = PBXBuildFile; fileRef = AC53E9D41ADC9C0A0036FD32 /* AppDelegate.m */; };
		AC53E9D81ADC9C0A0036FD32 /* ViewController.m in Sources */ = {isa = PBXBuildFile; fileRef = AC53E9D71ADC9C0A0036FD32 /* ViewController.m */; };
		AC53E9DD1ADC9C0A0036FD32 /* Images.xcassets in Resources */ = {isa = PBXBuildFile; fileRef = AC53E9DC1ADC9C0A0036FD32 /* Images.xcassets */; };
		AC53E9EC1ADC9C0A0036FD32 /* AustinFreeNetTests.m in Sources */ = {isa = PBXBuildFile; fileRef = AC53E9EB1ADC9C0A0036FD32 /* AustinFreeNetTests.m */; };
		AC53E9F71ADC9E180036FD32 /* LearnTVC.m in Sources */ = {isa = PBXBuildFile; fileRef = AC53E9F61ADC9E180036FD32 /* LearnTVC.m */; };
		F02EC67B1ADD65A7005A24C2 /* Default-568h@2x.png in Resources */ = {isa = PBXBuildFile; fileRef = F02EC67A1ADD65A7005A24C2 /* Default-568h@2x.png */; };
		F02EC6801ADD6895005A24C2 /* Info.plist in Resources */ = {isa = PBXBuildFile; fileRef = AC53E9EA1ADC9C0A0036FD32 /* Info.plist */; };
		F02EC68E1ADD710A005A24C2 /* Main.storyboard in Resources */ = {isa = PBXBuildFile; fileRef = F02EC68C1ADD710A005A24C2 /* Main.storyboard */; };
		F02EC6911ADD7123005A24C2 /* LaunchScreen.xib in Resources */ = {isa = PBXBuildFile; fileRef = F02EC68F1ADD7123005A24C2 /* LaunchScreen.xib */; };
		F02EC6931ADD7164005A24C2 /* main.m in Sources */ = {isa = PBXBuildFile; fileRef = F02EC6921ADD7164005A24C2 /* main.m */; };
		F09026551ADD76E500F92889 /* MapVC.m in Sources */ = {isa = PBXBuildFile; fileRef = F09026541ADD76E500F92889 /* MapVC.m */; };
		F090265B1ADD797600F92889 /* GoogleMaps.framework in Frameworks */ = {isa = PBXBuildFile; fileRef = F090265A1ADD797600F92889 /* GoogleMaps.framework */; };
		F090265D1ADD7BCE00F92889 /* AVFoundation.framework in Frameworks */ = {isa = PBXBuildFile; fileRef = F090265C1ADD7BCE00F92889 /* AVFoundation.framework */; };
		F090265F1ADD7BD600F92889 /* CoreData.framework in Frameworks */ = {isa = PBXBuildFile; fileRef = F090265E1ADD7BD600F92889 /* CoreData.framework */; };
		F09026611ADD7BDC00F92889 /* CoreLocation.framework in Frameworks */ = {isa = PBXBuildFile; fileRef = F09026601ADD7BDC00F92889 /* CoreLocation.framework */; };
		F09026631ADD7BE300F92889 /* CoreText.framework in Frameworks */ = {isa = PBXBuildFile; fileRef = F09026621ADD7BE300F92889 /* CoreText.framework */; };
		F09026651ADD7BE900F92889 /* GLKit.framework in Frameworks */ = {isa = PBXBuildFile; fileRef = F09026641ADD7BE900F92889 /* GLKit.framework */; };
		F09026671ADD7BEF00F92889 /* ImageIO.framework in Frameworks */ = {isa = PBXBuildFile; fileRef = F09026661ADD7BEF00F92889 /* ImageIO.framework */; };
		F09026691ADD7BF600F92889 /* libc++.dylib in Frameworks */ = {isa = PBXBuildFile; fileRef = F09026681ADD7BF600F92889 /* libc++.dylib */; };
		F090266B1ADD7C0800F92889 /* libicucore.dylib in Frameworks */ = {isa = PBXBuildFile; fileRef = F090266A1ADD7C0700F92889 /* libicucore.dylib */; };
		F090266D1ADD7C2100F92889 /* libz.dylib in Frameworks */ = {isa = PBXBuildFile; fileRef = F090266C1ADD7C2100F92889 /* libz.dylib */; };
		F090266F1ADD7C3100F92889 /* OpenGLES.framework in Frameworks */ = {isa = PBXBuildFile; fileRef = F090266E1ADD7C3100F92889 /* OpenGLES.framework */; };
		F09026711ADD7C3A00F92889 /* QuartzCore.framework in Frameworks */ = {isa = PBXBuildFile; fileRef = F09026701ADD7C3A00F92889 /* QuartzCore.framework */; };
		F09026731ADD7C4300F92889 /* SystemConfiguration.framework in Frameworks */ = {isa = PBXBuildFile; fileRef = F09026721ADD7C4300F92889 /* SystemConfiguration.framework */; };
		F09026771ADD7DEF00F92889 /* GoogleMaps.bundle in Resources */ = {isa = PBXBuildFile; fileRef = F09026761ADD7DEF00F92889 /* GoogleMaps.bundle */; };
		F090267A1ADDF11100F92889 /* ModuleVC.m in Sources */ = {isa = PBXBuildFile; fileRef = F09026791ADDF11100F92889 /* ModuleVC.m */; };
/* End PBXBuildFile section */

/* Begin PBXContainerItemProxy section */
		AC53E9E61ADC9C0A0036FD32 /* PBXContainerItemProxy */ = {
			isa = PBXContainerItemProxy;
			containerPortal = AC53E9C41ADC9C0A0036FD32 /* Project object */;
			proxyType = 1;
			remoteGlobalIDString = AC53E9CB1ADC9C0A0036FD32;
			remoteInfo = AustinFreeNet;
		};
/* End PBXContainerItemProxy section */

/* Begin PBXFileReference section */
		A20DDEB71ADCAAE40041DA4D /* MainVC.h */ = {isa = PBXFileReference; fileEncoding = 4; lastKnownFileType = sourcecode.c.h; path = MainVC.h; sourceTree = "<group>"; };
		A20DDEB81ADCAAE40041DA4D /* MainVC.m */ = {isa = PBXFileReference; fileEncoding = 4; lastKnownFileType = sourcecode.c.objc; path = MainVC.m; sourceTree = "<group>"; };
		AC53E9CC1ADC9C0A0036FD32 /* AustinFreeNet.app */ = {isa = PBXFileReference; explicitFileType = wrapper.application; includeInIndex = 0; path = AustinFreeNet.app; sourceTree = BUILT_PRODUCTS_DIR; };
		AC53E9D31ADC9C0A0036FD32 /* AppDelegate.h */ = {isa = PBXFileReference; lastKnownFileType = sourcecode.c.h; path = AppDelegate.h; sourceTree = "<group>"; };
		AC53E9D41ADC9C0A0036FD32 /* AppDelegate.m */ = {isa = PBXFileReference; lastKnownFileType = sourcecode.c.objc; path = AppDelegate.m; sourceTree = "<group>"; };
		AC53E9D61ADC9C0A0036FD32 /* ViewController.h */ = {isa = PBXFileReference; lastKnownFileType = sourcecode.c.h; path = ViewController.h; sourceTree = "<group>"; };
		AC53E9D71ADC9C0A0036FD32 /* ViewController.m */ = {isa = PBXFileReference; lastKnownFileType = sourcecode.c.objc; path = ViewController.m; sourceTree = "<group>"; };
		AC53E9DC1ADC9C0A0036FD32 /* Images.xcassets */ = {isa = PBXFileReference; lastKnownFileType = folder.assetcatalog; path = Images.xcassets; sourceTree = "<group>"; };
		AC53E9E51ADC9C0A0036FD32 /* AustinFreeNetTests.xctest */ = {isa = PBXFileReference; explicitFileType = wrapper.cfbundle; includeInIndex = 0; path = AustinFreeNetTests.xctest; sourceTree = BUILT_PRODUCTS_DIR; };
		AC53E9EA1ADC9C0A0036FD32 /* Info.plist */ = {isa = PBXFileReference; lastKnownFileType = text.plist.xml; path = Info.plist; sourceTree = "<group>"; };
		AC53E9EB1ADC9C0A0036FD32 /* AustinFreeNetTests.m */ = {isa = PBXFileReference; lastKnownFileType = sourcecode.c.objc; path = AustinFreeNetTests.m; sourceTree = "<group>"; };
		AC53E9F51ADC9DEB0036FD32 /* LearnTVC.h */ = {isa = PBXFileReference; lastKnownFileType = sourcecode.c.h; path = LearnTVC.h; sourceTree = "<group>"; };
		AC53E9F61ADC9E180036FD32 /* LearnTVC.m */ = {isa = PBXFileReference; fileEncoding = 4; lastKnownFileType = sourcecode.c.objc; path = LearnTVC.m; sourceTree = "<group>"; };
		F02EC67A1ADD65A7005A24C2 /* Default-568h@2x.png */ = {isa = PBXFileReference; lastKnownFileType = image.png; path = "Default-568h@2x.png"; sourceTree = "<group>"; };
		F02EC67D1ADD6859005A24C2 /* main.m */ = {isa = PBXFileReference; fileEncoding = 4; lastKnownFileType = sourcecode.c.objc; path = main.m; sourceTree = "<group>"; };
		F02EC6881ADD7067005A24C2 /* Info.plist */ = {isa = PBXFileReference; fileEncoding = 4; lastKnownFileType = text.plist.xml; path = Info.plist; sourceTree = "<group>"; };
		F02EC68A1ADD70CE005A24C2 /* Info.plist */ = {isa = PBXFileReference; lastKnownFileType = text.plist.xml; name = Info.plist; path = AustinFreeNet/Info.plist; sourceTree = "<group>"; };
		F02EC68D1ADD710A005A24C2 /* Base */ = {isa = PBXFileReference; lastKnownFileType = file.storyboard; name = Base; path = AustinFreeNet/Base.lproj/Main.storyboard; sourceTree = "<group>"; };
		F02EC6901ADD7123005A24C2 /* Base */ = {isa = PBXFileReference; lastKnownFileType = file.xib; name = Base; path = AustinFreeNet/Base.lproj/LaunchScreen.xib; sourceTree = "<group>"; };
		F02EC6921ADD7164005A24C2 /* main.m */ = {isa = PBXFileReference; lastKnownFileType = sourcecode.c.objc; name = main.m; path = AustinFreeNet/main.m; sourceTree = "<group>"; };
		F09026531ADD76E500F92889 /* MapVC.h */ = {isa = PBXFileReference; fileEncoding = 4; lastKnownFileType = sourcecode.c.h; path = MapVC.h; sourceTree = "<group>"; };
		F09026541ADD76E500F92889 /* MapVC.m */ = {isa = PBXFileReference; fileEncoding = 4; lastKnownFileType = sourcecode.c.objc; path = MapVC.m; sourceTree = "<group>"; };
		F090265A1ADD797600F92889 /* GoogleMaps.framework */ = {isa = PBXFileReference; lastKnownFileType = wrapper.framework; name = GoogleMaps.framework; path = "../../../../../Downloads/GoogleMaps-iOS-1.9.2/GoogleMaps.framework"; sourceTree = "<group>"; };
		F090265C1ADD7BCE00F92889 /* AVFoundation.framework */ = {isa = PBXFileReference; lastKnownFileType = wrapper.framework; name = AVFoundation.framework; path = System/Library/Frameworks/AVFoundation.framework; sourceTree = SDKROOT; };
		F090265E1ADD7BD600F92889 /* CoreData.framework */ = {isa = PBXFileReference; lastKnownFileType = wrapper.framework; name = CoreData.framework; path = System/Library/Frameworks/CoreData.framework; sourceTree = SDKROOT; };
		F09026601ADD7BDC00F92889 /* CoreLocation.framework */ = {isa = PBXFileReference; lastKnownFileType = wrapper.framework; name = CoreLocation.framework; path = System/Library/Frameworks/CoreLocation.framework; sourceTree = SDKROOT; };
		F09026621ADD7BE300F92889 /* CoreText.framework */ = {isa = PBXFileReference; lastKnownFileType = wrapper.framework; name = CoreText.framework; path = System/Library/Frameworks/CoreText.framework; sourceTree = SDKROOT; };
		F09026641ADD7BE900F92889 /* GLKit.framework */ = {isa = PBXFileReference; lastKnownFileType = wrapper.framework; name = GLKit.framework; path = System/Library/Frameworks/GLKit.framework; sourceTree = SDKROOT; };
		F09026661ADD7BEF00F92889 /* ImageIO.framework */ = {isa = PBXFileReference; lastKnownFileType = wrapper.framework; name = ImageIO.framework; path = System/Library/Frameworks/ImageIO.framework; sourceTree = SDKROOT; };
		F09026681ADD7BF600F92889 /* libc++.dylib */ = {isa = PBXFileReference; lastKnownFileType = "compiled.mach-o.dylib"; name = "libc++.dylib"; path = "usr/lib/libc++.dylib"; sourceTree = SDKROOT; };
		F090266A1ADD7C0700F92889 /* libicucore.dylib */ = {isa = PBXFileReference; lastKnownFileType = "compiled.mach-o.dylib"; name = libicucore.dylib; path = usr/lib/libicucore.dylib; sourceTree = SDKROOT; };
		F090266C1ADD7C2100F92889 /* libz.dylib */ = {isa = PBXFileReference; lastKnownFileType = "compiled.mach-o.dylib"; name = libz.dylib; path = usr/lib/libz.dylib; sourceTree = SDKROOT; };
		F090266E1ADD7C3100F92889 /* OpenGLES.framework */ = {isa = PBXFileReference; lastKnownFileType = wrapper.framework; name = OpenGLES.framework; path = System/Library/Frameworks/OpenGLES.framework; sourceTree = SDKROOT; };
		F09026701ADD7C3A00F92889 /* QuartzCore.framework */ = {isa = PBXFileReference; lastKnownFileType = wrapper.framework; name = QuartzCore.framework; path = System/Library/Frameworks/QuartzCore.framework; sourceTree = SDKROOT; };
		F09026721ADD7C4300F92889 /* SystemConfiguration.framework */ = {isa = PBXFileReference; lastKnownFileType = wrapper.framework; name = SystemConfiguration.framework; path = System/Library/Frameworks/SystemConfiguration.framework; sourceTree = SDKROOT; };
		F09026761ADD7DEF00F92889 /* GoogleMaps.bundle */ = {isa = PBXFileReference; lastKnownFileType = "wrapper.plug-in"; name = GoogleMaps.bundle; path = "../../../../../Downloads/GoogleMaps-iOS-1.9.2/GoogleMaps.framework/Versions/A/Resources/GoogleMaps.bundle"; sourceTree = "<group>"; };
		F09026781ADDF11100F92889 /* ModuleVC.h */ = {isa = PBXFileReference; fileEncoding = 4; lastKnownFileType = sourcecode.c.h; path = ModuleVC.h; sourceTree = "<group>"; };
		F09026791ADDF11100F92889 /* ModuleVC.m */ = {isa = PBXFileReference; fileEncoding = 4; lastKnownFileType = sourcecode.c.objc; path = ModuleVC.m; sourceTree = "<group>"; };
/* End PBXFileReference section */

/* Begin PBXFrameworksBuildPhase section */
		AC53E9C91ADC9C0A0036FD32 /* Frameworks */ = {
			isa = PBXFrameworksBuildPhase;
			buildActionMask = 2147483647;
			files = (
				F09026731ADD7C4300F92889 /* SystemConfiguration.framework in Frameworks */,
				F09026711ADD7C3A00F92889 /* QuartzCore.framework in Frameworks */,
				F090266F1ADD7C3100F92889 /* OpenGLES.framework in Frameworks */,
				F090266D1ADD7C2100F92889 /* libz.dylib in Frameworks */,
				F090266B1ADD7C0800F92889 /* libicucore.dylib in Frameworks */,
				F09026691ADD7BF600F92889 /* libc++.dylib in Frameworks */,
				F09026671ADD7BEF00F92889 /* ImageIO.framework in Frameworks */,
				F09026651ADD7BE900F92889 /* GLKit.framework in Frameworks */,
				F09026631ADD7BE300F92889 /* CoreText.framework in Frameworks */,
				F09026611ADD7BDC00F92889 /* CoreLocation.framework in Frameworks */,
				F090265F1ADD7BD600F92889 /* CoreData.framework in Frameworks */,
				F090265D1ADD7BCE00F92889 /* AVFoundation.framework in Frameworks */,
				F090265B1ADD797600F92889 /* GoogleMaps.framework in Frameworks */,
			);
			runOnlyForDeploymentPostprocessing = 0;
		};
		AC53E9E21ADC9C0A0036FD32 /* Frameworks */ = {
			isa = PBXFrameworksBuildPhase;
			buildActionMask = 2147483647;
			files = (
			);
			runOnlyForDeploymentPostprocessing = 0;
		};
/* End PBXFrameworksBuildPhase section */

/* Begin PBXGroup section */
		AC53E9C31ADC9C0A0036FD32 = {
			isa = PBXGroup;
			children = (
				F02EC6921ADD7164005A24C2 /* main.m */,
				F02EC68A1ADD70CE005A24C2 /* Info.plist */,
				F02EC67A1ADD65A7005A24C2 /* Default-568h@2x.png */,
				F09026751ADD7DC500F92889 /* Frameworks */,
				AC53E9CE1ADC9C0A0036FD32 /* AustinFreeNet */,
				AC53E9E81ADC9C0A0036FD32 /* AustinFreeNetTests */,
				AC53E9CD1ADC9C0A0036FD32 /* Products */,
			);
			sourceTree = "<group>";
		};
		AC53E9CD1ADC9C0A0036FD32 /* Products */ = {
			isa = PBXGroup;
			children = (
				AC53E9CC1ADC9C0A0036FD32 /* AustinFreeNet.app */,
				AC53E9E51ADC9C0A0036FD32 /* AustinFreeNetTests.xctest */,
			);
			name = Products;
			sourceTree = "<group>";
		};
		AC53E9CE1ADC9C0A0036FD32 /* AustinFreeNet */ = {
			isa = PBXGroup;
			children = (
				AC53E9D31ADC9C0A0036FD32 /* AppDelegate.h */,
				AC53E9D41ADC9C0A0036FD32 /* AppDelegate.m */,
				AC53E9D61ADC9C0A0036FD32 /* ViewController.h */,
				AC53E9D71ADC9C0A0036FD32 /* ViewController.m */,
				F02EC68C1ADD710A005A24C2 /* Main.storyboard */,
				F09026781ADDF11100F92889 /* ModuleVC.h */,
				F09026791ADDF11100F92889 /* ModuleVC.m */,
				A20DDEB71ADCAAE40041DA4D /* MainVC.h */,
				A20DDEB81ADCAAE40041DA4D /* MainVC.m */,
				AC53E9F51ADC9DEB0036FD32 /* LearnTVC.h */,
				AC53E9F61ADC9E180036FD32 /* LearnTVC.m */,
				AC53E9DC1ADC9C0A0036FD32 /* Images.xcassets */,
				F02EC68F1ADD7123005A24C2 /* LaunchScreen.xib */,
				AC53E9CF1ADC9C0A0036FD32 /* Supporting Files */,
				F09026531ADD76E500F92889 /* MapVC.h */,
				F09026541ADD76E500F92889 /* MapVC.m */,
			);
			path = AustinFreeNet;
			sourceTree = "<group>";
		};
		AC53E9CF1ADC9C0A0036FD32 /* Supporting Files */ = {
			isa = PBXGroup;
			children = (
				F02EC6881ADD7067005A24C2 /* Info.plist */,
				F02EC67D1ADD6859005A24C2 /* main.m */,
			);
			name = "Supporting Files";
			sourceTree = "<group>";
		};
		AC53E9E81ADC9C0A0036FD32 /* AustinFreeNetTests */ = {
			isa = PBXGroup;
			children = (
				AC53E9EB1ADC9C0A0036FD32 /* AustinFreeNetTests.m */,
				AC53E9E91ADC9C0A0036FD32 /* Supporting Files */,
			);
			path = AustinFreeNetTests;
			sourceTree = "<group>";
		};
		AC53E9E91ADC9C0A0036FD32 /* Supporting Files */ = {
			isa = PBXGroup;
			children = (
				AC53E9EA1ADC9C0A0036FD32 /* Info.plist */,
			);
			name = "Supporting Files";
			sourceTree = "<group>";
		};
		F09026751ADD7DC500F92889 /* Frameworks */ = {
			isa = PBXGroup;
			children = (
				F090265A1ADD797600F92889 /* GoogleMaps.framework */,
				F09026721ADD7C4300F92889 /* SystemConfiguration.framework */,
				F09026701ADD7C3A00F92889 /* QuartzCore.framework */,
				F090266E1ADD7C3100F92889 /* OpenGLES.framework */,
				F090266C1ADD7C2100F92889 /* libz.dylib */,
				F090266A1ADD7C0700F92889 /* libicucore.dylib */,
				F09026761ADD7DEF00F92889 /* GoogleMaps.bundle */,
				F09026681ADD7BF600F92889 /* libc++.dylib */,
				F09026661ADD7BEF00F92889 /* ImageIO.framework */,
				F09026641ADD7BE900F92889 /* GLKit.framework */,
				F09026621ADD7BE300F92889 /* CoreText.framework */,
				F09026601ADD7BDC00F92889 /* CoreLocation.framework */,
				F090265E1ADD7BD600F92889 /* CoreData.framework */,
				F090265C1ADD7BCE00F92889 /* AVFoundation.framework */,
			);
			name = Frameworks;
			sourceTree = "<group>";
		};
/* End PBXGroup section */

/* Begin PBXNativeTarget section */
		AC53E9CB1ADC9C0A0036FD32 /* AustinFreeNet */ = {
			isa = PBXNativeTarget;
			buildConfigurationList = AC53E9EF1ADC9C0A0036FD32 /* Build configuration list for PBXNativeTarget "AustinFreeNet" */;
			buildPhases = (
				AC53E9C81ADC9C0A0036FD32 /* Sources */,
				AC53E9C91ADC9C0A0036FD32 /* Frameworks */,
				AC53E9CA1ADC9C0A0036FD32 /* Resources */,
			);
			buildRules = (
			);
			dependencies = (
			);
			name = AustinFreeNet;
			productName = AustinFreeNet;
			productReference = AC53E9CC1ADC9C0A0036FD32 /* AustinFreeNet.app */;
			productType = "com.apple.product-type.application";
		};
		AC53E9E41ADC9C0A0036FD32 /* AustinFreeNetTests */ = {
			isa = PBXNativeTarget;
			buildConfigurationList = AC53E9F21ADC9C0A0036FD32 /* Build configuration list for PBXNativeTarget "AustinFreeNetTests" */;
			buildPhases = (
				AC53E9E11ADC9C0A0036FD32 /* Sources */,
				AC53E9E21ADC9C0A0036FD32 /* Frameworks */,
				AC53E9E31ADC9C0A0036FD32 /* Resources */,
			);
			buildRules = (
			);
			dependencies = (
				AC53E9E71ADC9C0A0036FD32 /* PBXTargetDependency */,
			);
			name = AustinFreeNetTests;
			productName = AustinFreeNetTests;
			productReference = AC53E9E51ADC9C0A0036FD32 /* AustinFreeNetTests.xctest */;
			productType = "com.apple.product-type.bundle.unit-test";
		};
/* End PBXNativeTarget section */

/* Begin PBXProject section */
		AC53E9C41ADC9C0A0036FD32 /* Project object */ = {
			isa = PBXProject;
			attributes = {
				LastUpgradeCheck = 0620;
				ORGANIZATIONNAME = AFN;
				TargetAttributes = {
					AC53E9CB1ADC9C0A0036FD32 = {
						CreatedOnToolsVersion = 6.2;
					};
					AC53E9E41ADC9C0A0036FD32 = {
						CreatedOnToolsVersion = 6.2;
						TestTargetID = AC53E9CB1ADC9C0A0036FD32;
					};
				};
			};
			buildConfigurationList = AC53E9C71ADC9C0A0036FD32 /* Build configuration list for PBXProject "AustinFreeNet" */;
			compatibilityVersion = "Xcode 3.2";
			developmentRegion = English;
			hasScannedForEncodings = 0;
			knownRegions = (
				en,
				Base,
			);
			mainGroup = AC53E9C31ADC9C0A0036FD32;
			productRefGroup = AC53E9CD1ADC9C0A0036FD32 /* Products */;
			projectDirPath = "";
			projectRoot = "";
			targets = (
				AC53E9CB1ADC9C0A0036FD32 /* AustinFreeNet */,
				AC53E9E41ADC9C0A0036FD32 /* AustinFreeNetTests */,
			);
		};
/* End PBXProject section */

/* Begin PBXResourcesBuildPhase section */
		AC53E9CA1ADC9C0A0036FD32 /* Resources */ = {
			isa = PBXResourcesBuildPhase;
			buildActionMask = 2147483647;
			files = (
				F02EC6911ADD7123005A24C2 /* LaunchScreen.xib in Resources */,
				F02EC68E1ADD710A005A24C2 /* Main.storyboard in Resources */,
				F02EC6801ADD6895005A24C2 /* Info.plist in Resources */,
				F09026771ADD7DEF00F92889 /* GoogleMaps.bundle in Resources */,
				F02EC67B1ADD65A7005A24C2 /* Default-568h@2x.png in Resources */,
				AC53E9DD1ADC9C0A0036FD32 /* Images.xcassets in Resources */,
			);
			runOnlyForDeploymentPostprocessing = 0;
		};
		AC53E9E31ADC9C0A0036FD32 /* Resources */ = {
			isa = PBXResourcesBuildPhase;
			buildActionMask = 2147483647;
			files = (
			);
			runOnlyForDeploymentPostprocessing = 0;
		};
/* End PBXResourcesBuildPhase section */

/* Begin PBXSourcesBuildPhase section */
		AC53E9C81ADC9C0A0036FD32 /* Sources */ = {
			isa = PBXSourcesBuildPhase;
			buildActionMask = 2147483647;
			files = (
				F02EC6931ADD7164005A24C2 /* main.m in Sources */,
				AC53E9F71ADC9E180036FD32 /* LearnTVC.m in Sources */,
				AC53E9D81ADC9C0A0036FD32 /* ViewController.m in Sources */,
				F09026551ADD76E500F92889 /* MapVC.m in Sources */,
				AC53E9D51ADC9C0A0036FD32 /* AppDelegate.m in Sources */,
				F090267A1ADDF11100F92889 /* ModuleVC.m in Sources */,
				A20DDEB91ADCAAE40041DA4D /* MainVC.m in Sources */,
			);
			runOnlyForDeploymentPostprocessing = 0;
		};
		AC53E9E11ADC9C0A0036FD32 /* Sources */ = {
			isa = PBXSourcesBuildPhase;
			buildActionMask = 2147483647;
			files = (
				AC53E9EC1ADC9C0A0036FD32 /* AustinFreeNetTests.m in Sources */,
			);
			runOnlyForDeploymentPostprocessing = 0;
		};
/* End PBXSourcesBuildPhase section */

/* Begin PBXTargetDependency section */
		AC53E9E71ADC9C0A0036FD32 /* PBXTargetDependency */ = {
			isa = PBXTargetDependency;
			target = AC53E9CB1ADC9C0A0036FD32 /* AustinFreeNet */;
			targetProxy = AC53E9E61ADC9C0A0036FD32 /* PBXContainerItemProxy */;
		};
/* End PBXTargetDependency section */

/* Begin PBXVariantGroup section */
		F02EC68C1ADD710A005A24C2 /* Main.storyboard */ = {
			isa = PBXVariantGroup;
			children = (
				F02EC68D1ADD710A005A24C2 /* Base */,
			);
			name = Main.storyboard;
			path = ..;
			sourceTree = "<group>";
		};
		F02EC68F1ADD7123005A24C2 /* LaunchScreen.xib */ = {
			isa = PBXVariantGroup;
			children = (
				F02EC6901ADD7123005A24C2 /* Base */,
			);
			name = LaunchScreen.xib;
			path = ..;
			sourceTree = "<group>";
		};
/* End PBXVariantGroup section */

/* Begin XCBuildConfiguration section */
		AC53E9ED1ADC9C0A0036FD32 /* Debug */ = {
			isa = XCBuildConfiguration;
			buildSettings = {
				ALWAYS_SEARCH_USER_PATHS = NO;
				CLANG_CXX_LANGUAGE_STANDARD = "gnu++0x";
				CLANG_CXX_LIBRARY = "libc++";
				CLANG_ENABLE_MODULES = YES;
				CLANG_ENABLE_OBJC_ARC = YES;
				CLANG_WARN_BOOL_CONVERSION = YES;
				CLANG_WARN_CONSTANT_CONVERSION = YES;
				CLANG_WARN_DIRECT_OBJC_ISA_USAGE = YES_ERROR;
				CLANG_WARN_EMPTY_BODY = YES;
				CLANG_WARN_ENUM_CONVERSION = YES;
				CLANG_WARN_INT_CONVERSION = YES;
				CLANG_WARN_OBJC_ROOT_CLASS = YES_ERROR;
				CLANG_WARN_UNREACHABLE_CODE = YES;
				CLANG_WARN__DUPLICATE_METHOD_MATCH = YES;
				"CODE_SIGN_IDENTITY[sdk=iphoneos*]" = "iPhone Developer";
				COPY_PHASE_STRIP = NO;
				ENABLE_STRICT_OBJC_MSGSEND = YES;
				GCC_C_LANGUAGE_STANDARD = gnu99;
				GCC_DYNAMIC_NO_PIC = NO;
				GCC_OPTIMIZATION_LEVEL = 0;
				GCC_PREPROCESSOR_DEFINITIONS = (
					"DEBUG=1",
					"$(inherited)",
				);
				GCC_SYMBOLS_PRIVATE_EXTERN = NO;
				GCC_WARN_64_TO_32_BIT_CONVERSION = YES;
				GCC_WARN_ABOUT_RETURN_TYPE = YES_ERROR;
				GCC_WARN_UNDECLARED_SELECTOR = YES;
				GCC_WARN_UNINITIALIZED_AUTOS = YES_AGGRESSIVE;
				GCC_WARN_UNUSED_FUNCTION = YES;
				GCC_WARN_UNUSED_VARIABLE = YES;
				IPHONEOS_DEPLOYMENT_TARGET = 8.2;
				MTL_ENABLE_DEBUG_INFO = YES;
				ONLY_ACTIVE_ARCH = YES;
				"OTHER_LDFLAGS[arch=*]" = "-ObjC";
				SDKROOT = iphoneos;
				TARGETED_DEVICE_FAMILY = "1,2";
			};
			name = Debug;
		};
		AC53E9EE1ADC9C0A0036FD32 /* Release */ = {
			isa = XCBuildConfiguration;
			buildSettings = {
				ALWAYS_SEARCH_USER_PATHS = NO;
				CLANG_CXX_LANGUAGE_STANDARD = "gnu++0x";
				CLANG_CXX_LIBRARY = "libc++";
				CLANG_ENABLE_MODULES = YES;
				CLANG_ENABLE_OBJC_ARC = YES;
				CLANG_WARN_BOOL_CONVERSION = YES;
				CLANG_WARN_CONSTANT_CONVERSION = YES;
				CLANG_WARN_DIRECT_OBJC_ISA_USAGE = YES_ERROR;
				CLANG_WARN_EMPTY_BODY = YES;
				CLANG_WARN_ENUM_CONVERSION = YES;
				CLANG_WARN_INT_CONVERSION = YES;
				CLANG_WARN_OBJC_ROOT_CLASS = YES_ERROR;
				CLANG_WARN_UNREACHABLE_CODE = YES;
				CLANG_WARN__DUPLICATE_METHOD_MATCH = YES;
				"CODE_SIGN_IDENTITY[sdk=iphoneos*]" = "iPhone Developer";
				COPY_PHASE_STRIP = NO;
				ENABLE_NS_ASSERTIONS = NO;
				ENABLE_STRICT_OBJC_MSGSEND = YES;
				GCC_C_LANGUAGE_STANDARD = gnu99;
				GCC_WARN_64_TO_32_BIT_CONVERSION = YES;
				GCC_WARN_ABOUT_RETURN_TYPE = YES_ERROR;
				GCC_WARN_UNDECLARED_SELECTOR = YES;
				GCC_WARN_UNINITIALIZED_AUTOS = YES_AGGRESSIVE;
				GCC_WARN_UNUSED_FUNCTION = YES;
				GCC_WARN_UNUSED_VARIABLE = YES;
				IPHONEOS_DEPLOYMENT_TARGET = 8.2;
				MTL_ENABLE_DEBUG_INFO = NO;
				"OTHER_LDFLAGS[arch=*]" = "-ObjC";
				SDKROOT = iphoneos;
				TARGETED_DEVICE_FAMILY = "1,2";
				VALIDATE_PRODUCT = YES;
			};
			name = Release;
		};
		AC53E9F01ADC9C0A0036FD32 /* Debug */ = {
			isa = XCBuildConfiguration;
			buildSettings = {
				ASSETCATALOG_COMPILER_APPICON_NAME = AppIcon;
				CODE_SIGN_IDENTITY = "iPhone Developer";
				FRAMEWORK_SEARCH_PATHS = (
					"$(inherited)",
					"/Users/kelseymayfield/Downloads/GoogleMaps-iOS-1.9.2",
				);
				INFOPLIST_FILE = AustinFreeNet/Info.plist;
				LD_RUNPATH_SEARCH_PATHS = "$(inherited) @executable_path/Frameworks";
				PRODUCT_NAME = "$(TARGET_NAME)";
			};
			name = Debug;
		};
		AC53E9F11ADC9C0A0036FD32 /* Release */ = {
			isa = XCBuildConfiguration;
			buildSettings = {
				ASSETCATALOG_COMPILER_APPICON_NAME = AppIcon;
				CODE_SIGN_IDENTITY = "iPhone Developer";
				FRAMEWORK_SEARCH_PATHS = (
					"$(inherited)",
					"/Users/kelseymayfield/Downloads/GoogleMaps-iOS-1.9.2",
				);
				INFOPLIST_FILE = AustinFreeNet/Info.plist;
				LD_RUNPATH_SEARCH_PATHS = "$(inherited) @executable_path/Frameworks";
				PRODUCT_NAME = "$(TARGET_NAME)";
			};
			name = Release;
		};
		AC53E9F31ADC9C0A0036FD32 /* Debug */ = {
			isa = XCBuildConfiguration;
			buildSettings = {
				BUNDLE_LOADER = "$(TEST_HOST)";
				FRAMEWORK_SEARCH_PATHS = (
					"$(SDKROOT)/Developer/Library/Frameworks",
					"$(inherited)",
				);
				GCC_PREPROCESSOR_DEFINITIONS = (
					"DEBUG=1",
					"$(inherited)",
				);
				INFOPLIST_FILE = AustinFreeNetTests/Info.plist;
				LD_RUNPATH_SEARCH_PATHS = "$(inherited) @executable_path/Frameworks @loader_path/Frameworks";
				PRODUCT_NAME = "$(TARGET_NAME)";
				TEST_HOST = "$(BUILT_PRODUCTS_DIR)/AustinFreeNet.app/AustinFreeNet";
			};
			name = Debug;
		};
		AC53E9F41ADC9C0A0036FD32 /* Release */ = {
			isa = XCBuildConfiguration;
			buildSettings = {
				BUNDLE_LOADER = "$(TEST_HOST)";
				FRAMEWORK_SEARCH_PATHS = (
					"$(SDKROOT)/Developer/Library/Frameworks",
					"$(inherited)",
				);
				INFOPLIST_FILE = AustinFreeNetTests/Info.plist;
				LD_RUNPATH_SEARCH_PATHS = "$(inherited) @executable_path/Frameworks @loader_path/Frameworks";
				PRODUCT_NAME = "$(TARGET_NAME)";
				TEST_HOST = "$(BUILT_PRODUCTS_DIR)/AustinFreeNet.app/AustinFreeNet";
			};
			name = Release;
		};
/* End XCBuildConfiguration section */

/* Begin XCConfigurationList section */
		AC53E9C71ADC9C0A0036FD32 /* Build configuration list for PBXProject "AustinFreeNet" */ = {
			isa = XCConfigurationList;
			buildConfigurations = (
				AC53E9ED1ADC9C0A0036FD32 /* Debug */,
				AC53E9EE1ADC9C0A0036FD32 /* Release */,
			);
			defaultConfigurationIsVisible = 0;
			defaultConfigurationName = Release;
		};
		AC53E9EF1ADC9C0A0036FD32 /* Build configuration list for PBXNativeTarget "AustinFreeNet" */ = {
			isa = XCConfigurationList;
			buildConfigurations = (
				AC53E9F01ADC9C0A0036FD32 /* Debug */,
				AC53E9F11ADC9C0A0036FD32 /* Release */,
			);
			defaultConfigurationIsVisible = 0;
			defaultConfigurationName = Release;
		};
		AC53E9F21ADC9C0A0036FD32 /* Build configuration list for PBXNativeTarget "AustinFreeNetTests" */ = {
			isa = XCConfigurationList;
			buildConfigurations = (
				AC53E9F31ADC9C0A0036FD32 /* Debug */,
				AC53E9F41ADC9C0A0036FD32 /* Release */,
			);
			defaultConfigurationIsVisible = 0;
			defaultConfigurationName = Release;
		};
/* End XCConfigurationList section */
	};
	rootObject = AC53E9C41ADC9C0A0036FD32 /* Project object */;
}
